
Microsoft Visual Studio Solution File, Format Version 12.00
# Visual Studio Version 16
VisualStudioVersion = 16.0.30523.141
MinimumVisualStudioVersion = 10.0.40219.1
Project("{FAE04EC0-301F-11D3-BF4B-00C04F79EFBC}") = "RiderbikeZone", "RiderbikeZone\RiderbikeZone.csproj", "{BF91F240-C36E-46EA-8B90-FCB138D2ECB7}"
EndProject
Global
	GlobalSection(SolutionConfigurationPlatforms) = preSolution
		Debug|Any CPU = Debug|Any CPU
		Release|Any CPU = Release|Any CPU
	EndGlobalSection
	GlobalSection(ProjectConfigurationPlatforms) = postSolution
		{BF91F240-C36E-46EA-8B90-FCB138D2ECB7}.Debug|Any CPU.ActiveCfg = Debug|Any CPU
		{BF91F240-C36E-46EA-8B90-FCB138D2ECB7}.Debug|Any CPU.Build.0 = Debug|Any CPU
		{BF91F240-C36E-46EA-8B90-FCB138D2ECB7}.Release|Any CPU.ActiveCfg = Release|Any CPU
		{BF91F240-C36E-46EA-8B90-FCB138D2ECB7}.Release|Any CPU.Build.0 = Release|Any CPU
	EndGlobalSection
	GlobalSection(SolutionProperties) = preSolution
		HideSolutionNode = FALSE
	EndGlobalSection
	GlobalSection(ExtensibilityGlobals) = postSolution
		SolutionGuid = {BAABA52A-7DDE-45D4-99FE-93F9AFEAF798}
	EndGlobalSection
EndGlobal
